
Microsoft Visual Studio Solution File, Format Version 12.00
# Visual Studio Version 16
VisualStudioVersion = 16.0.31410.357
MinimumVisualStudioVersion = 10.0.40219.1
Project("{2150E333-8FDC-42A3-9474-1A3956D46DE8}") = "Services", "Services", "{8F1E5403-886E-4D7E-8863-565E58734F71}"
EndProject
Project("{2150E333-8FDC-42A3-9474-1A3956D46DE8}") = "Catalog", "Catalog", "{3B206BFA-E3E8-4ECF-B2C9-F04A852CFAA1}"
EndProject
Project("{9A19103F-16F7-4668-BE54-9A1E7A4F7556}") = "Catalog.API", "Services\Catalog\Catalog.API\Catalog.API.csproj", "{9C4D4736-B289-4F99-8192-F552C584B54E}"
EndProject
Project("{E53339B2-1760-4266-BCC7-CA923CBCF16C}") = "docker-compose", "docker-compose.dcproj", "{DF136ACF-7FAB-4BAF-914C-E4DC7BD05B00}"
EndProject
Project("{2150E333-8FDC-42A3-9474-1A3956D46DE8}") = "Basket", "Basket", "{770A99A4-9553-46A3-92F5-D0D355282D95}"
EndProject
Project("{9A19103F-16F7-4668-BE54-9A1E7A4F7556}") = "Basket.API", "Services\Basket\Basket.API\Basket.API.csproj", "{4FD1278C-F2C9-42DB-93E3-47FA994117CB}"
EndProject
Project("{2150E333-8FDC-42A3-9474-1A3956D46DE8}") = "Discount", "Discount", "{F4CC41D0-909C-48BA-BD9E-00259654595A}"
EndProject
Project("{9A19103F-16F7-4668-BE54-9A1E7A4F7556}") = "Discount.API", "Services\Discount\Discount.API\Discount.API.csproj", "{157F3ABB-D3F1-43FC-8393-19B2195365FA}"
EndProject
Project("{9A19103F-16F7-4668-BE54-9A1E7A4F7556}") = "Discount.Grpc", "Services\Discount\Discount.Grpc\Discount.Grpc.csproj", "{06D8B351-1E73-4952-BA49-889591F53C6B}"
EndProject
Project("{2150E333-8FDC-42A3-9474-1A3956D46DE8}") = "Ordering", "Ordering", "{B299D00C-E969-4B79-900B-7F3BD3D44797}"
EndProject
Project("{FAE04EC0-301F-11D3-BF4B-00C04F79EFBC}") = "Ordering.API", "Services\Ordering\Ordering.API\Ordering.API.csproj", "{3DE67237-9FB5-42C7-9F9D-E06AB80F0CBE}"
EndProject
Project("{FAE04EC0-301F-11D3-BF4B-00C04F79EFBC}") = "Ordering.Domain", "Services\Ordering\Ordering.Domain\Ordering.Domain.csproj", "{24897A5F-BEC2-48D1-B96C-C41FB1058423}"
EndProject
Project("{FAE04EC0-301F-11D3-BF4B-00C04F79EFBC}") = "Ordering.Application", "Services\Ordering\Ordering.Application\Ordering.Application.csproj", "{99FAD0C2-AC4F-4CF6-BB1D-B0461FEDFD57}"
EndProject
Project("{FAE04EC0-301F-11D3-BF4B-00C04F79EFBC}") = "Ordering.Infrastructure", "Services\Ordering\Ordering.Infrastructure\Ordering.Infrastructure.csproj", "{3934A993-93E7-447A-83FD-32AA2B42902E}"
EndProject
Global
	GlobalSection(SolutionConfigurationPlatforms) = preSolution
		Debug|Any CPU = Debug|Any CPU
		Release|Any CPU = Release|Any CPU
	EndGlobalSection
	GlobalSection(ProjectConfigurationPlatforms) = postSolution
		{9C4D4736-B289-4F99-8192-F552C584B54E}.Debug|Any CPU.ActiveCfg = Debug|Any CPU
		{9C4D4736-B289-4F99-8192-F552C584B54E}.Debug|Any CPU.Build.0 = Debug|Any CPU
		{9C4D4736-B289-4F99-8192-F552C584B54E}.Release|Any CPU.ActiveCfg = Release|Any CPU
		{9C4D4736-B289-4F99-8192-F552C584B54E}.Release|Any CPU.Build.0 = Release|Any CPU
		{DF136ACF-7FAB-4BAF-914C-E4DC7BD05B00}.Debug|Any CPU.ActiveCfg = Debug|Any CPU
		{DF136ACF-7FAB-4BAF-914C-E4DC7BD05B00}.Debug|Any CPU.Build.0 = Debug|Any CPU
		{DF136ACF-7FAB-4BAF-914C-E4DC7BD05B00}.Release|Any CPU.ActiveCfg = Release|Any CPU
		{DF136ACF-7FAB-4BAF-914C-E4DC7BD05B00}.Release|Any CPU.Build.0 = Release|Any CPU
		{4FD1278C-F2C9-42DB-93E3-47FA994117CB}.Debug|Any CPU.ActiveCfg = Debug|Any CPU
		{4FD1278C-F2C9-42DB-93E3-47FA994117CB}.Debug|Any CPU.Build.0 = Debug|Any CPU
		{4FD1278C-F2C9-42DB-93E3-47FA994117CB}.Release|Any CPU.ActiveCfg = Release|Any CPU
		{4FD1278C-F2C9-42DB-93E3-47FA994117CB}.Release|Any CPU.Build.0 = Release|Any CPU
		{157F3ABB-D3F1-43FC-8393-19B2195365FA}.Debug|Any CPU.ActiveCfg = Debug|Any CPU
		{157F3ABB-D3F1-43FC-8393-19B2195365FA}.Debug|Any CPU.Build.0 = Debug|Any CPU
		{157F3ABB-D3F1-43FC-8393-19B2195365FA}.Release|Any CPU.ActiveCfg = Release|Any CPU
		{157F3ABB-D3F1-43FC-8393-19B2195365FA}.Release|Any CPU.Build.0 = Release|Any CPU
		{06D8B351-1E73-4952-BA49-889591F53C6B}.Debug|Any CPU.ActiveCfg = Debug|Any CPU
		{06D8B351-1E73-4952-BA49-889591F53C6B}.Debug|Any CPU.Build.0 = Debug|Any CPU
		{06D8B351-1E73-4952-BA49-889591F53C6B}.Release|Any CPU.ActiveCfg = Release|Any CPU
		{06D8B351-1E73-4952-BA49-889591F53C6B}.Release|Any CPU.Build.0 = Release|Any CPU
		{3DE67237-9FB5-42C7-9F9D-E06AB80F0CBE}.Debug|Any CPU.ActiveCfg = Debug|Any CPU
		{3DE67237-9FB5-42C7-9F9D-E06AB80F0CBE}.Debug|Any CPU.Build.0 = Debug|Any CPU
		{3DE67237-9FB5-42C7-9F9D-E06AB80F0CBE}.Release|Any CPU.ActiveCfg = Release|Any CPU
		{3DE67237-9FB5-42C7-9F9D-E06AB80F0CBE}.Release|Any CPU.Build.0 = Release|Any CPU
		{24897A5F-BEC2-48D1-B96C-C41FB1058423}.Debug|Any CPU.ActiveCfg = Debug|Any CPU
		{24897A5F-BEC2-48D1-B96C-C41FB1058423}.Debug|Any CPU.Build.0 = Debug|Any CPU
		{24897A5F-BEC2-48D1-B96C-C41FB1058423}.Release|Any CPU.ActiveCfg = Release|Any CPU
		{24897A5F-BEC2-48D1-B96C-C41FB1058423}.Release|Any CPU.Build.0 = Release|Any CPU
		{99FAD0C2-AC4F-4CF6-BB1D-B0461FEDFD57}.Debug|Any CPU.ActiveCfg = Debug|Any CPU
		{99FAD0C2-AC4F-4CF6-BB1D-B0461FEDFD57}.Debug|Any CPU.Build.0 = Debug|Any CPU
		{99FAD0C2-AC4F-4CF6-BB1D-B0461FEDFD57}.Release|Any CPU.ActiveCfg = Release|Any CPU
		{99FAD0C2-AC4F-4CF6-BB1D-B0461FEDFD57}.Release|Any CPU.Build.0 = Release|Any CPU
		{3934A993-93E7-447A-83FD-32AA2B42902E}.Debug|Any CPU.ActiveCfg = Debug|Any CPU
		{3934A993-93E7-447A-83FD-32AA2B42902E}.Debug|Any CPU.Build.0 = Debug|Any CPU
		{3934A993-93E7-447A-83FD-32AA2B42902E}.Release|Any CPU.ActiveCfg = Release|Any CPU
		{3934A993-93E7-447A-83FD-32AA2B42902E}.Release|Any CPU.Build.0 = Release|Any CPU
	EndGlobalSection
	GlobalSection(SolutionProperties) = preSolution
		HideSolutionNode = FALSE
	EndGlobalSection
	GlobalSection(NestedProjects) = preSolution
		{3B206BFA-E3E8-4ECF-B2C9-F04A852CFAA1} = {8F1E5403-886E-4D7E-8863-565E58734F71}
		{9C4D4736-B289-4F99-8192-F552C584B54E} = {3B206BFA-E3E8-4ECF-B2C9-F04A852CFAA1}
		{770A99A4-9553-46A3-92F5-D0D355282D95} = {8F1E5403-886E-4D7E-8863-565E58734F71}
		{4FD1278C-F2C9-42DB-93E3-47FA994117CB} = {770A99A4-9553-46A3-92F5-D0D355282D95}
		{F4CC41D0-909C-48BA-BD9E-00259654595A} = {8F1E5403-886E-4D7E-8863-565E58734F71}
		{157F3ABB-D3F1-43FC-8393-19B2195365FA} = {F4CC41D0-909C-48BA-BD9E-00259654595A}
		{06D8B351-1E73-4952-BA49-889591F53C6B} = {F4CC41D0-909C-48BA-BD9E-00259654595A}
		{B299D00C-E969-4B79-900B-7F3BD3D44797} = {8F1E5403-886E-4D7E-8863-565E58734F71}
		{3DE67237-9FB5-42C7-9F9D-E06AB80F0CBE} = {B299D00C-E969-4B79-900B-7F3BD3D44797}
		{24897A5F-BEC2-48D1-B96C-C41FB1058423} = {B299D00C-E969-4B79-900B-7F3BD3D44797}
		{99FAD0C2-AC4F-4CF6-BB1D-B0461FEDFD57} = {B299D00C-E969-4B79-900B-7F3BD3D44797}
		{3934A993-93E7-447A-83FD-32AA2B42902E} = {B299D00C-E969-4B79-900B-7F3BD3D44797}
	EndGlobalSection
	GlobalSection(ExtensibilityGlobals) = postSolution
		SolutionGuid = {6C3A6FFB-3122-4B4B-9555-1CA3E5FD13E2}
	EndGlobalSection
EndGlobal
